
Microsoft Visual Studio Solution File, Format Version 12.00
# Visual Studio Version 16
VisualStudioVersion = 16.0.31410.357
MinimumVisualStudioVersion = 10.0.40219.1
Project("{9A19103F-16F7-4668-BE54-9A1E7A4F7556}") = "StealthScreenCapture", "StealthScreenCapture.csproj", "{782A8DA0-CC22-4A53-8985-AF443907C901}"
EndProject
Global
	GlobalSection(SolutionConfigurationPlatforms) = preSolution
		Debug|Any CPU = Debug|Any CPU
		Release|Any CPU = Release|Any CPU
	EndGlobalSection
	GlobalSection(ProjectConfigurationPlatforms) = postSolution
		{782A8DA0-CC22-4A53-8985-AF443907C901}.Debug|Any CPU.ActiveCfg = Debug|Any CPU
		{782A8DA0-CC22-4A53-8985-AF443907C901}.Debug|Any CPU.Build.0 = Debug|Any CPU
		{782A8DA0-CC22-4A53-8985-AF443907C901}.Release|Any CPU.ActiveCfg = Release|Any CPU
		{782A8DA0-CC22-4A53-8985-AF443907C901}.Release|Any CPU.Build.0 = Release|Any CPU
	EndGlobalSection
	GlobalSection(SolutionProperties) = preSolution
		HideSolutionNode = FALSE
	EndGlobalSection
	GlobalSection(ExtensibilityGlobals) = postSolution
		SolutionGuid = {63A5E773-A1BB-46D8-BD6C-69E3D357EBB3}
	EndGlobalSection
EndGlobal
